
Microsoft Visual Studio Solution File, Format Version 12.00
# Visual Studio Version 17
VisualStudioVersion = 17.3.32708.82
MinimumVisualStudioVersion = 10.0.40219.1
Project("{FAE04EC0-301F-11D3-BF4B-00C04F79EFBC}") = "SimpleAPI", "SimpleAPI\SimpleAPI.csproj", "{FE680199-9DBE-4AC5-B204-BB493DB002A1}"
EndProject
Project("{FAE04EC0-301F-11D3-BF4B-00C04F79EFBC}") = "SimpleAPI.Test", "SimpleAPI.Test\SimpleAPI.Test.csproj", "{39410C93-1A8D-4DBD-B357-52981B8157D5}"
EndProject
Global
	GlobalSection(SolutionConfigurationPlatforms) = preSolution
		Debug|Any CPU = Debug|Any CPU
		Release|Any CPU = Release|Any CPU
	EndGlobalSection
	GlobalSection(ProjectConfigurationPlatforms) = postSolution
		{FE680199-9DBE-4AC5-B204-BB493DB002A1}.Debug|Any CPU.ActiveCfg = Debug|Any CPU
		{FE680199-9DBE-4AC5-B204-BB493DB002A1}.Debug|Any CPU.Build.0 = Debug|Any CPU
		{FE680199-9DBE-4AC5-B204-BB493DB002A1}.Release|Any CPU.ActiveCfg = Release|Any CPU
		{FE680199-9DBE-4AC5-B204-BB493DB002A1}.Release|Any CPU.Build.0 = Release|Any CPU
		{39410C93-1A8D-4DBD-B357-52981B8157D5}.Debug|Any CPU.ActiveCfg = Debug|Any CPU
		{39410C93-1A8D-4DBD-B357-52981B8157D5}.Debug|Any CPU.Build.0 = Debug|Any CPU
		{39410C93-1A8D-4DBD-B357-52981B8157D5}.Release|Any CPU.ActiveCfg = Release|Any CPU
		{39410C93-1A8D-4DBD-B357-52981B8157D5}.Release|Any CPU.Build.0 = Release|Any CPU
	EndGlobalSection
	GlobalSection(SolutionProperties) = preSolution
		HideSolutionNode = FALSE
	EndGlobalSection
	GlobalSection(ExtensibilityGlobals) = postSolution
		SolutionGuid = {D45F9EB5-71FE-46D7-B6FA-D524CAD215E9}
	EndGlobalSection
EndGlobal
